// !$*UTF8*$!
{
	archiveVersion = 1;
	classes = {
	};
	objectVersion = 50;
	objects = {

/* Begin PBXBuildFile section */
		BB29FEB2211E655500695CDF /* AppDelegate.swift in Sources */ = {isa = PBXBuildFile; fileRef = BB29FEB1211E655500695CDF /* AppDelegate.swift */; };
		BB29FEB4211E655500695CDF /* SelectionViewController.swift in Sources */ = {isa = PBXBuildFile; fileRef = BB29FEB3211E655500695CDF /* SelectionViewController.swift */; };
		BB29FEB9211E655600695CDF /* Assets.xcassets in Resources */ = {isa = PBXBuildFile; fileRef = BB29FEB8211E655600695CDF /* Assets.xcassets */; };
		BB29FEBC211E655600695CDF /* LaunchScreen.storyboard in Resources */ = {isa = PBXBuildFile; fileRef = BB29FEBA211E655600695CDF /* LaunchScreen.storyboard */; };
		BB29FEC7211E655600695CDF /* RxExampleTests.swift in Sources */ = {isa = PBXBuildFile; fileRef = BB29FEC6211E655600695CDF /* RxExampleTests.swift */; };
		BB29FED2211E655600695CDF /* RxExampleUITests.swift in Sources */ = {isa = PBXBuildFile; fileRef = BB29FED1211E655600695CDF /* RxExampleUITests.swift */; };
		BB29FF37211E69C900695CDF /* RxSwift.framework in Frameworks */ = {isa = PBXBuildFile; fileRef = BB29FEF8211E69A900695CDF /* RxSwift.framework */; };
		BB29FF38211E69C900695CDF /* RxSwift.framework in Embed Frameworks */ = {isa = PBXBuildFile; fileRef = BB29FEF8211E69A900695CDF /* RxSwift.framework */; settings = {ATTRIBUTES = (CodeSignOnCopy, RemoveHeadersOnCopy, ); }; };
		BB29FF3C211E69E300695CDF /* RxSugar.framework in Frameworks */ = {isa = PBXBuildFile; fileRef = BB29FF2C211E69B700695CDF /* RxSugar.framework */; };
		BB29FF3D211E69E300695CDF /* RxSugar.framework in Embed Frameworks */ = {isa = PBXBuildFile; fileRef = BB29FF2C211E69B700695CDF /* RxSugar.framework */; settings = {ATTRIBUTES = (CodeSignOnCopy, RemoveHeadersOnCopy, ); }; };
		BB29FF432121217800695CDF /* SimpleCoreRxViewController.swift in Sources */ = {isa = PBXBuildFile; fileRef = BB29FF422121217800695CDF /* SimpleCoreRxViewController.swift */; };
		BB29FF452121219C00695CDF /* SimpleCoreRxPresenter.swift in Sources */ = {isa = PBXBuildFile; fileRef = BB29FF442121219C00695CDF /* SimpleCoreRxPresenter.swift */; };
		BB29FF47212121F600695CDF /* SimpleCoreRxView.swift in Sources */ = {isa = PBXBuildFile; fileRef = BB29FF46212121F600695CDF /* SimpleCoreRxView.swift */; };
		BB29FF492121220D00695CDF /* SimpleCoreRxModel.swift in Sources */ = {isa = PBXBuildFile; fileRef = BB29FF482121220D00695CDF /* SimpleCoreRxModel.swift */; };
		BB29FF512121290400695CDF /* SelectionView.swift in Sources */ = {isa = PBXBuildFile; fileRef = BB29FF502121290400695CDF /* SelectionView.swift */; };
		BB29FF5421212DCE00695CDF /* SelectionOptions.swift in Sources */ = {isa = PBXBuildFile; fileRef = BB29FF5321212DCE00695CDF /* SelectionOptions.swift */; };
		BB87EDC7212C674D002862C8 /* SimpleRxSugarViewController.swift in Sources */ = {isa = PBXBuildFile; fileRef = BB87EDC6212C674D002862C8 /* SimpleRxSugarViewController.swift */; };
		BB87EDE3212C6796002862C8 /* SimpleRxSugarView.swift in Sources */ = {isa = PBXBuildFile; fileRef = BB87EDE2212C6796002862C8 /* SimpleRxSugarView.swift */; };
		BB87EDE6212C680C002862C8 /* StyleFactory.swift in Sources */ = {isa = PBXBuildFile; fileRef = BB87EDE5212C680C002862C8 /* StyleFactory.swift */; };
		BB87EDE8212C6A4E002862C8 /* SimpleRxSugarModel.swift in Sources */ = {isa = PBXBuildFile; fileRef = BB87EDE7212C6A4E002862C8 /* SimpleRxSugarModel.swift */; };
		BB87EDEA212C7A2A002862C8 /* SimpleRxSugarPresenter.swift in Sources */ = {isa = PBXBuildFile; fileRef = BB87EDE9212C7A2A002862C8 /* SimpleRxSugarPresenter.swift */; };
		BB87EDEC212C95E6002862C8 /* SimpleCoreRxModelTests.swift in Sources */ = {isa = PBXBuildFile; fileRef = BB87EDEB212C95E6002862C8 /* SimpleCoreRxModelTests.swift */; };
		BB87EDEE212C9672002862C8 /* RxTest.framework in Frameworks */ = {isa = PBXBuildFile; fileRef = BB29FF10211E69A900695CDF /* RxTest.framework */; };
		BBB6F8DC212CACBA002C7A22 /* SimpleRxSugarModelTests.swift in Sources */ = {isa = PBXBuildFile; fileRef = BBB6F8DB212CACBA002C7A22 /* SimpleRxSugarModelTests.swift */; };
/* End PBXBuildFile section */

/* Begin PBXContainerItemProxy section */
		BB29FEC3211E655600695CDF /* PBXContainerItemProxy */ = {
			isa = PBXContainerItemProxy;
			containerPortal = BB29FEA6211E655500695CDF /* Project object */;
			proxyType = 1;
			remoteGlobalIDString = BB29FEAD211E655500695CDF;
			remoteInfo = RxExample;
		};
		BB29FECE211E655600695CDF /* PBXContainerItemProxy */ = {
			isa = PBXContainerItemProxy;
			containerPortal = BB29FEA6211E655500695CDF /* Project object */;
			proxyType = 1;
			remoteGlobalIDString = BB29FEAD211E655500695CDF;
			remoteInfo = RxExample;
		};
		BB29FEF7211E69A900695CDF /* PBXContainerItemProxy */ = {
			isa = PBXContainerItemProxy;
			containerPortal = BB29FEDF211E69A800695CDF /* Rx.xcodeproj */;
			proxyType = 2;
			remoteGlobalIDString = C8A56AD71AD7424700B4673B;
			remoteInfo = "RxSwift-iOS";
		};
		BB29FEF9211E69A900695CDF /* PBXContainerItemProxy */ = {
			isa = PBXContainerItemProxy;
			containerPortal = BB29FEDF211E69A800695CDF /* Rx.xcodeproj */;
			proxyType = 2;
			remoteGlobalIDString = C88BB8711B07E5ED0064D411;
			remoteInfo = "RxSwift-macOS";
		};
		BB29FEFB211E69A900695CDF /* PBXContainerItemProxy */ = {
			isa = PBXContainerItemProxy;
			containerPortal = BB29FEDF211E69A800695CDF /* Rx.xcodeproj */;
			proxyType = 2;
			remoteGlobalIDString = D2EA280C1BB9B5A200880ED3;
			remoteInfo = "RxSwift-tvOS";
		};
		BB29FEFD211E69A900695CDF /* PBXContainerItemProxy */ = {
			isa = PBXContainerItemProxy;
			containerPortal = BB29FEDF211E69A800695CDF /* Rx.xcodeproj */;
			proxyType = 2;
			remoteGlobalIDString = C8F0C0021BBBFB8B001B112F;
			remoteInfo = "RxSwift-watchOS";
		};
		BB29FEFF211E69A900695CDF /* PBXContainerItemProxy */ = {
			isa = PBXContainerItemProxy;
			containerPortal = BB29FEDF211E69A800695CDF /* Rx.xcodeproj */;
			proxyType = 2;
			remoteGlobalIDString = C809396D1B8A71760088E94D;
			remoteInfo = "RxCocoa-iOS";
		};
		BB29FF01211E69A900695CDF /* PBXContainerItemProxy */ = {
			isa = PBXContainerItemProxy;
			containerPortal = BB29FEDF211E69A800695CDF /* Rx.xcodeproj */;
			proxyType = 2;
			remoteGlobalIDString = C80939E71B8A71840088E94D;
			remoteInfo = "RxCocoa-macOS";
		};
		BB29FF03211E69A900695CDF /* PBXContainerItemProxy */ = {
			isa = PBXContainerItemProxy;
			containerPortal = BB29FEDF211E69A800695CDF /* Rx.xcodeproj */;
			proxyType = 2;
			remoteGlobalIDString = D2138C751BB9BE9800339B5C;
			remoteInfo = "RxCocoa-tvOS";
		};
		BB29FF05211E69A900695CDF /* PBXContainerItemProxy */ = {
			isa = PBXContainerItemProxy;
			containerPortal = BB29FEDF211E69A800695CDF /* Rx.xcodeproj */;
			proxyType = 2;
			remoteGlobalIDString = C8F0C04B1BBBFBB9001B112F;
			remoteInfo = "RxCocoa-watchOS";
		};
		BB29FF07211E69A900695CDF /* PBXContainerItemProxy */ = {
			isa = PBXContainerItemProxy;
			containerPortal = BB29FEDF211E69A800695CDF /* Rx.xcodeproj */;
			proxyType = 2;
			remoteGlobalIDString = C8093BC71B8A71F00088E94D;
			remoteInfo = "RxBlocking-iOS";
		};
		BB29FF09211E69A900695CDF /* PBXContainerItemProxy */ = {
			isa = PBXContainerItemProxy;
			containerPortal = BB29FEDF211E69A800695CDF /* Rx.xcodeproj */;
			proxyType = 2;
			remoteGlobalIDString = C8093C451B8A71FC0088E94D;
			remoteInfo = "RxBlocking-macOS";
		};
		BB29FF0B211E69A900695CDF /* PBXContainerItemProxy */ = {
			isa = PBXContainerItemProxy;
			containerPortal = BB29FEDF211E69A800695CDF /* Rx.xcodeproj */;
			proxyType = 2;
			remoteGlobalIDString = D2EBEB811BB9B99D003A27DC;
			remoteInfo = "RxBlocking-tvOS";
		};
		BB29FF0D211E69A900695CDF /* PBXContainerItemProxy */ = {
			isa = PBXContainerItemProxy;
			containerPortal = BB29FEDF211E69A800695CDF /* Rx.xcodeproj */;
			proxyType = 2;
			remoteGlobalIDString = C8F0C0581BBBFBCE001B112F;
			remoteInfo = "RxBlocking-watchOS";
		};
		BB29FF0F211E69A900695CDF /* PBXContainerItemProxy */ = {
			isa = PBXContainerItemProxy;
			containerPortal = BB29FEDF211E69A800695CDF /* Rx.xcodeproj */;
			proxyType = 2;
			remoteGlobalIDString = C88FA50C1C25C44800CCFEA4;
			remoteInfo = "RxTest-iOS";
		};
		BB29FF11211E69A900695CDF /* PBXContainerItemProxy */ = {
			isa = PBXContainerItemProxy;
			containerPortal = BB29FEDF211E69A800695CDF /* Rx.xcodeproj */;
			proxyType = 2;
			remoteGlobalIDString = C88FA51D1C25C4B500CCFEA4;
			remoteInfo = "RxTest-macOS";
		};
		BB29FF13211E69A900695CDF /* PBXContainerItemProxy */ = {
			isa = PBXContainerItemProxy;
			containerPortal = BB29FEDF211E69A800695CDF /* Rx.xcodeproj */;
			proxyType = 2;
			remoteGlobalIDString = C88FA52E1C25C4C000CCFEA4;
			remoteInfo = "RxTest-tvOS";
		};
		BB29FF15211E69A900695CDF /* PBXContainerItemProxy */ = {
			isa = PBXContainerItemProxy;
			containerPortal = BB29FEDF211E69A800695CDF /* Rx.xcodeproj */;
			proxyType = 2;
			remoteGlobalIDString = C88FA53F1C25C4CC00CCFEA4;
			remoteInfo = "RxTest-watchOS";
		};
		BB29FF17211E69A900695CDF /* PBXContainerItemProxy */ = {
			isa = PBXContainerItemProxy;
			containerPortal = BB29FEDF211E69A800695CDF /* Rx.xcodeproj */;
			proxyType = 2;
			remoteGlobalIDString = C83508C31C386F6F0027C24C;
			remoteInfo = "AllTests-iOS";
		};
		BB29FF19211E69A900695CDF /* PBXContainerItemProxy */ = {
			isa = PBXContainerItemProxy;
			containerPortal = BB29FEDF211E69A800695CDF /* Rx.xcodeproj */;
			proxyType = 2;
			remoteGlobalIDString = C83509841C38740E0027C24C;
			remoteInfo = "AllTests-tvOS";
		};
		BB29FF1B211E69A900695CDF /* PBXContainerItemProxy */ = {
			isa = PBXContainerItemProxy;
			containerPortal = BB29FEDF211E69A800695CDF /* Rx.xcodeproj */;
			proxyType = 2;
			remoteGlobalIDString = C83509941C38742C0027C24C;
			remoteInfo = "AllTests-macOS";
		};
		BB29FF1D211E69A900695CDF /* PBXContainerItemProxy */ = {
			isa = PBXContainerItemProxy;
			containerPortal = BB29FEDF211E69A800695CDF /* Rx.xcodeproj */;
			proxyType = 2;
			remoteGlobalIDString = C85BA04B1C3878740075D68E;
			remoteInfo = Microoptimizations;
		};
		BB29FF1F211E69A900695CDF /* PBXContainerItemProxy */ = {
			isa = PBXContainerItemProxy;
			containerPortal = BB29FEDF211E69A800695CDF /* Rx.xcodeproj */;
			proxyType = 2;
			remoteGlobalIDString = C8E8BA551E2C181A00A4AC2C;
			remoteInfo = Benchmarks;
		};
		BB29FF2B211E69B700695CDF /* PBXContainerItemProxy */ = {
			isa = PBXContainerItemProxy;
			containerPortal = BB29FF21211E69B700695CDF /* RxSugar.xcodeproj */;
			proxyType = 2;
			remoteGlobalIDString = 4D91C33F1C625FE700926C99;
			remoteInfo = "RxSugar-iOS";
		};
		BB29FF2D211E69B700695CDF /* PBXContainerItemProxy */ = {
			isa = PBXContainerItemProxy;
			containerPortal = BB29FF21211E69B700695CDF /* RxSugar.xcodeproj */;
			proxyType = 2;
			remoteGlobalIDString = 4D91C3491C625FE700926C99;
			remoteInfo = "RxSugarTests-iOS";
		};
		BB29FF2F211E69B700695CDF /* PBXContainerItemProxy */ = {
			isa = PBXContainerItemProxy;
			containerPortal = BB29FF21211E69B700695CDF /* RxSugar.xcodeproj */;
			proxyType = 2;
			remoteGlobalIDString = 5A9AE91B1C6A599000F8FD92;
			remoteInfo = "RxSugar-tvOS";
		};
		BB29FF31211E69B700695CDF /* PBXContainerItemProxy */ = {
			isa = PBXContainerItemProxy;
			containerPortal = BB29FF21211E69B700695CDF /* RxSugar.xcodeproj */;
			proxyType = 2;
			remoteGlobalIDString = 5A9AE9241C6A599000F8FD92;
			remoteInfo = "RxSugarTests-tvOS";
		};
		BB29FF33211E69B700695CDF /* PBXContainerItemProxy */ = {
			isa = PBXContainerItemProxy;
			containerPortal = BB29FF21211E69B700695CDF /* RxSugar.xcodeproj */;
			proxyType = 2;
			remoteGlobalIDString = 4D381CFB1D341E50001F7085;
			remoteInfo = "RxSugar-watchOS";
		};
		BB29FF35211E69B700695CDF /* PBXContainerItemProxy */ = {
			isa = PBXContainerItemProxy;
			containerPortal = BB29FF21211E69B700695CDF /* RxSugar.xcodeproj */;
			proxyType = 2;
			remoteGlobalIDString = 4D483D861F3B636100B26BE1;
			remoteInfo = "RxSugar-macOS";
		};
		BB29FF39211E69C900695CDF /* PBXContainerItemProxy */ = {
			isa = PBXContainerItemProxy;
			containerPortal = BB29FEDF211E69A800695CDF /* Rx.xcodeproj */;
			proxyType = 1;
			remoteGlobalIDString = C8A56AD61AD7424700B4673B;
			remoteInfo = "RxSwift-iOS";
		};
		BB29FF3E211E69E300695CDF /* PBXContainerItemProxy */ = {
			isa = PBXContainerItemProxy;
			containerPortal = BB29FF21211E69B700695CDF /* RxSugar.xcodeproj */;
			proxyType = 1;
			remoteGlobalIDString = 4D91C33E1C625FE700926C99;
			remoteInfo = "RxSugar-iOS";
		};
/* End PBXContainerItemProxy section */

/* Begin PBXCopyFilesBuildPhase section */
		BB29FF3B211E69CA00695CDF /* Embed Frameworks */ = {
			isa = PBXCopyFilesBuildPhase;
			buildActionMask = 2147483647;
			dstPath = "";
			dstSubfolderSpec = 10;
			files = (
				BB29FF38211E69C900695CDF /* RxSwift.framework in Embed Frameworks */,
				BB29FF3D211E69E300695CDF /* RxSugar.framework in Embed Frameworks */,
			);
			name = "Embed Frameworks";
			runOnlyForDeploymentPostprocessing = 0;
		};
/* End PBXCopyFilesBuildPhase section */

/* Begin PBXFileReference section */
		BB29FEAE211E655500695CDF /* RxExample.app */ = {isa = PBXFileReference; explicitFileType = wrapper.application; includeInIndex = 0; path = RxExample.app; sourceTree = BUILT_PRODUCTS_DIR; };
		BB29FEB1211E655500695CDF /* AppDelegate.swift */ = {isa = PBXFileReference; lastKnownFileType = sourcecode.swift; path = AppDelegate.swift; sourceTree = "<group>"; };
		BB29FEB3211E655500695CDF /* SelectionViewController.swift */ = {isa = PBXFileReference; lastKnownFileType = sourcecode.swift; path = SelectionViewController.swift; sourceTree = "<group>"; };
		BB29FEB8211E655600695CDF /* Assets.xcassets */ = {isa = PBXFileReference; lastKnownFileType = folder.assetcatalog; path = Assets.xcassets; sourceTree = "<group>"; };
		BB29FEBB211E655600695CDF /* Base */ = {isa = PBXFileReference; lastKnownFileType = file.storyboard; name = Base; path = Base.lproj/LaunchScreen.storyboard; sourceTree = "<group>"; };
		BB29FEBD211E655600695CDF /* Info.plist */ = {isa = PBXFileReference; lastKnownFileType = text.plist.xml; path = Info.plist; sourceTree = "<group>"; };
		BB29FEC2211E655600695CDF /* RxExampleTests.xctest */ = {isa = PBXFileReference; explicitFileType = wrapper.cfbundle; includeInIndex = 0; path = RxExampleTests.xctest; sourceTree = BUILT_PRODUCTS_DIR; };
		BB29FEC6211E655600695CDF /* RxExampleTests.swift */ = {isa = PBXFileReference; lastKnownFileType = sourcecode.swift; path = RxExampleTests.swift; sourceTree = "<group>"; };
		BB29FEC8211E655600695CDF /* Info.plist */ = {isa = PBXFileReference; lastKnownFileType = text.plist.xml; path = Info.plist; sourceTree = "<group>"; };
		BB29FECD211E655600695CDF /* RxExampleUITests.xctest */ = {isa = PBXFileReference; explicitFileType = wrapper.cfbundle; includeInIndex = 0; path = RxExampleUITests.xctest; sourceTree = BUILT_PRODUCTS_DIR; };
		BB29FED1211E655600695CDF /* RxExampleUITests.swift */ = {isa = PBXFileReference; lastKnownFileType = sourcecode.swift; path = RxExampleUITests.swift; sourceTree = "<group>"; };
		BB29FED3211E655600695CDF /* Info.plist */ = {isa = PBXFileReference; lastKnownFileType = text.plist.xml; path = Info.plist; sourceTree = "<group>"; };
		BB29FEDF211E69A800695CDF /* Rx.xcodeproj */ = {isa = PBXFileReference; lastKnownFileType = "wrapper.pb-project"; name = Rx.xcodeproj; path = Carthage/Checkouts/RxSwift/Rx.xcodeproj; sourceTree = "<group>"; };
		BB29FF21211E69B700695CDF /* RxSugar.xcodeproj */ = {isa = PBXFileReference; lastKnownFileType = "wrapper.pb-project"; name = RxSugar.xcodeproj; path = Carthage/Checkouts/RxSugar/RxSugar.xcodeproj; sourceTree = "<group>"; };
		BB29FF422121217800695CDF /* SimpleCoreRxViewController.swift */ = {isa = PBXFileReference; lastKnownFileType = sourcecode.swift; path = SimpleCoreRxViewController.swift; sourceTree = "<group>"; };
		BB29FF442121219C00695CDF /* SimpleCoreRxPresenter.swift */ = {isa = PBXFileReference; lastKnownFileType = sourcecode.swift; path = SimpleCoreRxPresenter.swift; sourceTree = "<group>"; };
		BB29FF46212121F600695CDF /* SimpleCoreRxView.swift */ = {isa = PBXFileReference; lastKnownFileType = sourcecode.swift; path = SimpleCoreRxView.swift; sourceTree = "<group>"; };
		BB29FF482121220D00695CDF /* SimpleCoreRxModel.swift */ = {isa = PBXFileReference; lastKnownFileType = sourcecode.swift; path = SimpleCoreRxModel.swift; sourceTree = "<group>"; };
		BB29FF502121290400695CDF /* SelectionView.swift */ = {isa = PBXFileReference; lastKnownFileType = sourcecode.swift; path = SelectionView.swift; sourceTree = "<group>"; };
		BB29FF5321212DCE00695CDF /* SelectionOptions.swift */ = {isa = PBXFileReference; lastKnownFileType = sourcecode.swift; path = SelectionOptions.swift; sourceTree = "<group>"; };
		BB87EDC6212C674D002862C8 /* SimpleRxSugarViewController.swift */ = {isa = PBXFileReference; lastKnownFileType = sourcecode.swift; path = SimpleRxSugarViewController.swift; sourceTree = "<group>"; };
		BB87EDE2212C6796002862C8 /* SimpleRxSugarView.swift */ = {isa = PBXFileReference; lastKnownFileType = sourcecode.swift; path = SimpleRxSugarView.swift; sourceTree = "<group>"; };
		BB87EDE5212C680C002862C8 /* StyleFactory.swift */ = {isa = PBXFileReference; lastKnownFileType = sourcecode.swift; path = StyleFactory.swift; sourceTree = "<group>"; };
		BB87EDE7212C6A4E002862C8 /* SimpleRxSugarModel.swift */ = {isa = PBXFileReference; lastKnownFileType = sourcecode.swift; path = SimpleRxSugarModel.swift; sourceTree = "<group>"; };
		BB87EDE9212C7A2A002862C8 /* SimpleRxSugarPresenter.swift */ = {isa = PBXFileReference; lastKnownFileType = sourcecode.swift; path = SimpleRxSugarPresenter.swift; sourceTree = "<group>"; };
		BB87EDEB212C95E6002862C8 /* SimpleCoreRxModelTests.swift */ = {isa = PBXFileReference; lastKnownFileType = sourcecode.swift; path = SimpleCoreRxModelTests.swift; sourceTree = "<group>"; };
		BBB6F8DB212CACBA002C7A22 /* SimpleRxSugarModelTests.swift */ = {isa = PBXFileReference; lastKnownFileType = sourcecode.swift; path = SimpleRxSugarModelTests.swift; sourceTree = "<group>"; };
/* End PBXFileReference section */

/* Begin PBXFrameworksBuildPhase section */
		BB29FEAB211E655500695CDF /* Frameworks */ = {
			isa = PBXFrameworksBuildPhase;
			buildActionMask = 2147483647;
			files = (
				BB29FF37211E69C900695CDF /* RxSwift.framework in Frameworks */,
				BB29FF3C211E69E300695CDF /* RxSugar.framework in Frameworks */,
			);
			runOnlyForDeploymentPostprocessing = 0;
		};
		BB29FEBF211E655600695CDF /* Frameworks */ = {
			isa = PBXFrameworksBuildPhase;
			buildActionMask = 2147483647;
			files = (
				BB87EDEE212C9672002862C8 /* RxTest.framework in Frameworks */,
			);
			runOnlyForDeploymentPostprocessing = 0;
		};
		BB29FECA211E655600695CDF /* Frameworks */ = {
			isa = PBXFrameworksBuildPhase;
			buildActionMask = 2147483647;
			files = (
			);
			runOnlyForDeploymentPostprocessing = 0;
		};
/* End PBXFrameworksBuildPhase section */

/* Begin PBXGroup section */
		BB29FEA5211E655500695CDF = {
			isa = PBXGroup;
			children = (
				BB29FEDF211E69A800695CDF /* Rx.xcodeproj */,
				BB29FF21211E69B700695CDF /* RxSugar.xcodeproj */,
				BB29FEB0211E655500695CDF /* RxExample */,
				BB29FEC5211E655600695CDF /* RxExampleTests */,
				BB29FED0211E655600695CDF /* RxExampleUITests */,
				BB29FEAF211E655500695CDF /* Products */,
				BB87EDED212C9672002862C8 /* Frameworks */,
			);
			sourceTree = "<group>";
		};
		BB29FEAF211E655500695CDF /* Products */ = {
			isa = PBXGroup;
			children = (
				BB29FEAE211E655500695CDF /* RxExample.app */,
				BB29FEC2211E655600695CDF /* RxExampleTests.xctest */,
				BB29FECD211E655600695CDF /* RxExampleUITests.xctest */,
			);
			name = Products;
			sourceTree = "<group>";
		};
		BB29FEB0211E655500695CDF /* RxExample */ = {
			isa = PBXGroup;
			children = (
				BB87EDE4212C67CA002862C8 /* Styles */,
				BB29FF522121291500695CDF /* Selection */,
				BB29FF40212120EF00695CDF /* SimpleExample */,
				BB29FEB1211E655500695CDF /* AppDelegate.swift */,
				BB29FEB8211E655600695CDF /* Assets.xcassets */,
				BB29FEBA211E655600695CDF /* LaunchScreen.storyboard */,
				BB29FEBD211E655600695CDF /* Info.plist */,
			);
			path = RxExample;
			sourceTree = "<group>";
		};
		BB29FEC5211E655600695CDF /* RxExampleTests */ = {
			isa = PBXGroup;
			children = (
				BB29FEC6211E655600695CDF /* RxExampleTests.swift */,
				BB29FEC8211E655600695CDF /* Info.plist */,
			);
			path = RxExampleTests;
			sourceTree = "<group>";
		};
		BB29FED0211E655600695CDF /* RxExampleUITests */ = {
			isa = PBXGroup;
			children = (
				BB29FED1211E655600695CDF /* RxExampleUITests.swift */,
				BB29FED3211E655600695CDF /* Info.plist */,
			);
			path = RxExampleUITests;
			sourceTree = "<group>";
		};
		BB29FEE0211E69A800695CDF /* Products */ = {
			isa = PBXGroup;
			children = (
				BB29FEF8211E69A900695CDF /* RxSwift.framework */,
				BB29FEFA211E69A900695CDF /* RxSwift.framework */,
				BB29FEFC211E69A900695CDF /* RxSwift.framework */,
				BB29FEFE211E69A900695CDF /* RxSwift.framework */,
				BB29FF00211E69A900695CDF /* RxCocoa.framework */,
				BB29FF02211E69A900695CDF /* RxCocoa.framework */,
				BB29FF04211E69A900695CDF /* RxCocoa.framework */,
				BB29FF06211E69A900695CDF /* RxCocoa.framework */,
				BB29FF08211E69A900695CDF /* RxBlocking.framework */,
				BB29FF0A211E69A900695CDF /* RxBlocking.framework */,
				BB29FF0C211E69A900695CDF /* RxBlocking.framework */,
				BB29FF0E211E69A900695CDF /* RxBlocking.framework */,
				BB29FF10211E69A900695CDF /* RxTest.framework */,
				BB29FF12211E69A900695CDF /* RxTest.framework */,
				BB29FF14211E69A900695CDF /* RxTest.framework */,
				BB29FF16211E69A900695CDF /* RxTest.framework */,
				BB29FF18211E69A900695CDF /* AllTests-iOS.xctest */,
				BB29FF1A211E69A900695CDF /* AllTests-tvOS.xctest */,
				BB29FF1C211E69A900695CDF /* AllTests-macOS.xctest */,
				BB29FF1E211E69A900695CDF /* PerformanceTests.app */,
				BB29FF20211E69A900695CDF /* Benchmarks.xctest */,
			);
			name = Products;
			sourceTree = "<group>";
		};
		BB29FF22211E69B700695CDF /* Products */ = {
			isa = PBXGroup;
			children = (
				BB29FF2C211E69B700695CDF /* RxSugar.framework */,
				BB29FF2E211E69B700695CDF /* RxSugarTests-iOS.xctest */,
				BB29FF30211E69B700695CDF /* RxSugar.framework */,
				BB29FF32211E69B700695CDF /* RxSugarTests-tvOS.xctest */,
				BB29FF34211E69B700695CDF /* RxSugar.framework */,
				BB29FF36211E69B700695CDF /* RxSugar.framework */,
			);
			name = Products;
			sourceTree = "<group>";
		};
		BB29FF40212120EF00695CDF /* SimpleExample */ = {
			isa = PBXGroup;
			children = (
				BB29FF412121210300695CDF /* CoreRx */,
				BB87EDE1212C6753002862C8 /* RxSugar */,
			);
			path = SimpleExample;
			sourceTree = "<group>";
		};
		BB29FF412121210300695CDF /* CoreRx */ = {
			isa = PBXGroup;
			children = (
				BB29FF482121220D00695CDF /* SimpleCoreRxModel.swift */,
				BB87EDEB212C95E6002862C8 /* SimpleCoreRxModelTests.swift */,
				BB29FF442121219C00695CDF /* SimpleCoreRxPresenter.swift */,
				BB29FF46212121F600695CDF /* SimpleCoreRxView.swift */,
				BB29FF422121217800695CDF /* SimpleCoreRxViewController.swift */,
			);
			path = CoreRx;
			sourceTree = "<group>";
		};
		BB29FF522121291500695CDF /* Selection */ = {
			isa = PBXGroup;
			children = (
				BB29FEB3211E655500695CDF /* SelectionViewController.swift */,
				BB29FF502121290400695CDF /* SelectionView.swift */,
				BB29FF5321212DCE00695CDF /* SelectionOptions.swift */,
			);
			path = Selection;
			sourceTree = "<group>";
		};
		BB87EDE1212C6753002862C8 /* RxSugar */ = {
			isa = PBXGroup;
			children = (
				BB87EDE7212C6A4E002862C8 /* SimpleRxSugarModel.swift */,
				BBB6F8DB212CACBA002C7A22 /* SimpleRxSugarModelTests.swift */,
				BB87EDE9212C7A2A002862C8 /* SimpleRxSugarPresenter.swift */,
				BB87EDE2212C6796002862C8 /* SimpleRxSugarView.swift */,
				BB87EDC6212C674D002862C8 /* SimpleRxSugarViewController.swift */,
			);
			path = RxSugar;
			sourceTree = "<group>";
		};
		BB87EDE4212C67CA002862C8 /* Styles */ = {
			isa = PBXGroup;
			children = (
				BB87EDE5212C680C002862C8 /* StyleFactory.swift */,
			);
			path = Styles;
			sourceTree = "<group>";
		};
		BB87EDED212C9672002862C8 /* Frameworks */ = {
			isa = PBXGroup;
			children = (
			);
			name = Frameworks;
			sourceTree = "<group>";
		};
/* End PBXGroup section */

/* Begin PBXNativeTarget section */
		BB29FEAD211E655500695CDF /* RxExample */ = {
			isa = PBXNativeTarget;
			buildConfigurationList = BB29FED6211E655600695CDF /* Build configuration list for PBXNativeTarget "RxExample" */;
			buildPhases = (
				BB29FEAA211E655500695CDF /* Sources */,
				BB29FEAB211E655500695CDF /* Frameworks */,
				BB29FEAC211E655500695CDF /* Resources */,
				BB29FF3B211E69CA00695CDF /* Embed Frameworks */,
			);
			buildRules = (
			);
			dependencies = (
				BB29FF3A211E69C900695CDF /* PBXTargetDependency */,
				BB29FF3F211E69E300695CDF /* PBXTargetDependency */,
			);
			name = RxExample;
			productName = RxExample;
			productReference = BB29FEAE211E655500695CDF /* RxExample.app */;
			productType = "com.apple.product-type.application";
		};
		BB29FEC1211E655600695CDF /* RxExampleTests */ = {
			isa = PBXNativeTarget;
			buildConfigurationList = BB29FED9211E655600695CDF /* Build configuration list for PBXNativeTarget "RxExampleTests" */;
			buildPhases = (
				BB29FEBE211E655600695CDF /* Sources */,
				BB29FEBF211E655600695CDF /* Frameworks */,
				BB29FEC0211E655600695CDF /* Resources */,
			);
			buildRules = (
			);
			dependencies = (
				BB29FEC4211E655600695CDF /* PBXTargetDependency */,
			);
			name = RxExampleTests;
			productName = RxExampleTests;
			productReference = BB29FEC2211E655600695CDF /* RxExampleTests.xctest */;
			productType = "com.apple.product-type.bundle.unit-test";
		};
		BB29FECC211E655600695CDF /* RxExampleUITests */ = {
			isa = PBXNativeTarget;
			buildConfigurationList = BB29FEDC211E655600695CDF /* Build configuration list for PBXNativeTarget "RxExampleUITests" */;
			buildPhases = (
				BB29FEC9211E655600695CDF /* Sources */,
				BB29FECA211E655600695CDF /* Frameworks */,
				BB29FECB211E655600695CDF /* Resources */,
			);
			buildRules = (
			);
			dependencies = (
				BB29FECF211E655600695CDF /* PBXTargetDependency */,
			);
			name = RxExampleUITests;
			productName = RxExampleUITests;
			productReference = BB29FECD211E655600695CDF /* RxExampleUITests.xctest */;
			productType = "com.apple.product-type.bundle.ui-testing";
		};
/* End PBXNativeTarget section */

/* Begin PBXProject section */
		BB29FEA6211E655500695CDF /* Project object */ = {
			isa = PBXProject;
			attributes = {
				LastSwiftUpdateCheck = 0940;
				LastUpgradeCheck = 0940;
				ORGANIZATIONNAME = Asynchrony;
				TargetAttributes = {
					BB29FEAD211E655500695CDF = {
						CreatedOnToolsVersion = 9.4.1;
					};
					BB29FEC1211E655600695CDF = {
						CreatedOnToolsVersion = 9.4.1;
						TestTargetID = BB29FEAD211E655500695CDF;
					};
					BB29FECC211E655600695CDF = {
						CreatedOnToolsVersion = 9.4.1;
						TestTargetID = BB29FEAD211E655500695CDF;
					};
				};
			};
			buildConfigurationList = BB29FEA9211E655500695CDF /* Build configuration list for PBXProject "RxExample" */;
			compatibilityVersion = "Xcode 9.3";
			developmentRegion = en;
			hasScannedForEncodings = 0;
			knownRegions = (
				en,
				Base,
			);
			mainGroup = BB29FEA5211E655500695CDF;
			productRefGroup = BB29FEAF211E655500695CDF /* Products */;
			projectDirPath = "";
			projectReferences = (
				{
					ProductGroup = BB29FEE0211E69A800695CDF /* Products */;
					ProjectRef = BB29FEDF211E69A800695CDF /* Rx.xcodeproj */;
				},
				{
					ProductGroup = BB29FF22211E69B700695CDF /* Products */;
					ProjectRef = BB29FF21211E69B700695CDF /* RxSugar.xcodeproj */;
				},
			);
			projectRoot = "";
			targets = (
				BB29FEAD211E655500695CDF /* RxExample */,
				BB29FEC1211E655600695CDF /* RxExampleTests */,
				BB29FECC211E655600695CDF /* RxExampleUITests */,
			);
		};
/* End PBXProject section */

/* Begin PBXReferenceProxy section */
		BB29FEF8211E69A900695CDF /* RxSwift.framework */ = {
			isa = PBXReferenceProxy;
			fileType = wrapper.framework;
			path = RxSwift.framework;
			remoteRef = BB29FEF7211E69A900695CDF /* PBXContainerItemProxy */;
			sourceTree = BUILT_PRODUCTS_DIR;
		};
		BB29FEFA211E69A900695CDF /* RxSwift.framework */ = {
			isa = PBXReferenceProxy;
			fileType = wrapper.framework;
			path = RxSwift.framework;
			remoteRef = BB29FEF9211E69A900695CDF /* PBXContainerItemProxy */;
			sourceTree = BUILT_PRODUCTS_DIR;
		};
		BB29FEFC211E69A900695CDF /* RxSwift.framework */ = {
			isa = PBXReferenceProxy;
			fileType = wrapper.framework;
			path = RxSwift.framework;
			remoteRef = BB29FEFB211E69A900695CDF /* PBXContainerItemProxy */;
			sourceTree = BUILT_PRODUCTS_DIR;
		};
		BB29FEFE211E69A900695CDF /* RxSwift.framework */ = {
			isa = PBXReferenceProxy;
			fileType = wrapper.framework;
			path = RxSwift.framework;
			remoteRef = BB29FEFD211E69A900695CDF /* PBXContainerItemProxy */;
			sourceTree = BUILT_PRODUCTS_DIR;
		};
		BB29FF00211E69A900695CDF /* RxCocoa.framework */ = {
			isa = PBXReferenceProxy;
			fileType = wrapper.framework;
			path = RxCocoa.framework;
			remoteRef = BB29FEFF211E69A900695CDF /* PBXContainerItemProxy */;
			sourceTree = BUILT_PRODUCTS_DIR;
		};
		BB29FF02211E69A900695CDF /* RxCocoa.framework */ = {
			isa = PBXReferenceProxy;
			fileType = wrapper.framework;
			path = RxCocoa.framework;
			remoteRef = BB29FF01211E69A900695CDF /* PBXContainerItemProxy */;
			sourceTree = BUILT_PRODUCTS_DIR;
		};
		BB29FF04211E69A900695CDF /* RxCocoa.framework */ = {
			isa = PBXReferenceProxy;
			fileType = wrapper.framework;
			path = RxCocoa.framework;
			remoteRef = BB29FF03211E69A900695CDF /* PBXContainerItemProxy */;
			sourceTree = BUILT_PRODUCTS_DIR;
		};
		BB29FF06211E69A900695CDF /* RxCocoa.framework */ = {
			isa = PBXReferenceProxy;
			fileType = wrapper.framework;
			path = RxCocoa.framework;
			remoteRef = BB29FF05211E69A900695CDF /* PBXContainerItemProxy */;
			sourceTree = BUILT_PRODUCTS_DIR;
		};
		BB29FF08211E69A900695CDF /* RxBlocking.framework */ = {
			isa = PBXReferenceProxy;
			fileType = wrapper.framework;
			path = RxBlocking.framework;
			remoteRef = BB29FF07211E69A900695CDF /* PBXContainerItemProxy */;
			sourceTree = BUILT_PRODUCTS_DIR;
		};
		BB29FF0A211E69A900695CDF /* RxBlocking.framework */ = {
			isa = PBXReferenceProxy;
			fileType = wrapper.framework;
			path = RxBlocking.framework;
			remoteRef = BB29FF09211E69A900695CDF /* PBXContainerItemProxy */;
			sourceTree = BUILT_PRODUCTS_DIR;
		};
		BB29FF0C211E69A900695CDF /* RxBlocking.framework */ = {
			isa = PBXReferenceProxy;
			fileType = wrapper.framework;
			path = RxBlocking.framework;
			remoteRef = BB29FF0B211E69A900695CDF /* PBXContainerItemProxy */;
			sourceTree = BUILT_PRODUCTS_DIR;
		};
		BB29FF0E211E69A900695CDF /* RxBlocking.framework */ = {
			isa = PBXReferenceProxy;
			fileType = wrapper.framework;
			path = RxBlocking.framework;
			remoteRef = BB29FF0D211E69A900695CDF /* PBXContainerItemProxy */;
			sourceTree = BUILT_PRODUCTS_DIR;
		};
		BB29FF10211E69A900695CDF /* RxTest.framework */ = {
			isa = PBXReferenceProxy;
			fileType = wrapper.framework;
			path = RxTest.framework;
			remoteRef = BB29FF0F211E69A900695CDF /* PBXContainerItemProxy */;
			sourceTree = BUILT_PRODUCTS_DIR;
		};
		BB29FF12211E69A900695CDF /* RxTest.framework */ = {
			isa = PBXReferenceProxy;
			fileType = wrapper.framework;
			path = RxTest.framework;
			remoteRef = BB29FF11211E69A900695CDF /* PBXContainerItemProxy */;
			sourceTree = BUILT_PRODUCTS_DIR;
		};
		BB29FF14211E69A900695CDF /* RxTest.framework */ = {
			isa = PBXReferenceProxy;
			fileType = wrapper.framework;
			path = RxTest.framework;
			remoteRef = BB29FF13211E69A900695CDF /* PBXContainerItemProxy */;
			sourceTree = BUILT_PRODUCTS_DIR;
		};
		BB29FF16211E69A900695CDF /* RxTest.framework */ = {
			isa = PBXReferenceProxy;
			fileType = wrapper.framework;
			path = RxTest.framework;
			remoteRef = BB29FF15211E69A900695CDF /* PBXContainerItemProxy */;
			sourceTree = BUILT_PRODUCTS_DIR;
		};
		BB29FF18211E69A900695CDF /* AllTests-iOS.xctest */ = {
			isa = PBXReferenceProxy;
			fileType = wrapper.cfbundle;
			path = "AllTests-iOS.xctest";
			remoteRef = BB29FF17211E69A900695CDF /* PBXContainerItemProxy */;
			sourceTree = BUILT_PRODUCTS_DIR;
		};
		BB29FF1A211E69A900695CDF /* AllTests-tvOS.xctest */ = {
			isa = PBXReferenceProxy;
			fileType = wrapper.cfbundle;
			path = "AllTests-tvOS.xctest";
			remoteRef = BB29FF19211E69A900695CDF /* PBXContainerItemProxy */;
			sourceTree = BUILT_PRODUCTS_DIR;
		};
		BB29FF1C211E69A900695CDF /* AllTests-macOS.xctest */ = {
			isa = PBXReferenceProxy;
			fileType = wrapper.cfbundle;
			path = "AllTests-macOS.xctest";
			remoteRef = BB29FF1B211E69A900695CDF /* PBXContainerItemProxy */;
			sourceTree = BUILT_PRODUCTS_DIR;
		};
		BB29FF1E211E69A900695CDF /* PerformanceTests.app */ = {
			isa = PBXReferenceProxy;
			fileType = wrapper.application;
			name = PerformanceTests.app;
			path = Microoptimizations.app;
			remoteRef = BB29FF1D211E69A900695CDF /* PBXContainerItemProxy */;
			sourceTree = BUILT_PRODUCTS_DIR;
		};
		BB29FF20211E69A900695CDF /* Benchmarks.xctest */ = {
			isa = PBXReferenceProxy;
			fileType = wrapper.cfbundle;
			path = Benchmarks.xctest;
			remoteRef = BB29FF1F211E69A900695CDF /* PBXContainerItemProxy */;
			sourceTree = BUILT_PRODUCTS_DIR;
		};
		BB29FF2C211E69B700695CDF /* RxSugar.framework */ = {
			isa = PBXReferenceProxy;
			fileType = wrapper.framework;
			path = RxSugar.framework;
			remoteRef = BB29FF2B211E69B700695CDF /* PBXContainerItemProxy */;
			sourceTree = BUILT_PRODUCTS_DIR;
		};
		BB29FF2E211E69B700695CDF /* RxSugarTests-iOS.xctest */ = {
			isa = PBXReferenceProxy;
			fileType = wrapper.cfbundle;
			path = "RxSugarTests-iOS.xctest";
			remoteRef = BB29FF2D211E69B700695CDF /* PBXContainerItemProxy */;
			sourceTree = BUILT_PRODUCTS_DIR;
		};
		BB29FF30211E69B700695CDF /* RxSugar.framework */ = {
			isa = PBXReferenceProxy;
			fileType = wrapper.framework;
			path = RxSugar.framework;
			remoteRef = BB29FF2F211E69B700695CDF /* PBXContainerItemProxy */;
			sourceTree = BUILT_PRODUCTS_DIR;
		};
		BB29FF32211E69B700695CDF /* RxSugarTests-tvOS.xctest */ = {
			isa = PBXReferenceProxy;
			fileType = wrapper.cfbundle;
			path = "RxSugarTests-tvOS.xctest";
			remoteRef = BB29FF31211E69B700695CDF /* PBXContainerItemProxy */;
			sourceTree = BUILT_PRODUCTS_DIR;
		};
		BB29FF34211E69B700695CDF /* RxSugar.framework */ = {
			isa = PBXReferenceProxy;
			fileType = wrapper.framework;
			path = RxSugar.framework;
			remoteRef = BB29FF33211E69B700695CDF /* PBXContainerItemProxy */;
			sourceTree = BUILT_PRODUCTS_DIR;
		};
		BB29FF36211E69B700695CDF /* RxSugar.framework */ = {
			isa = PBXReferenceProxy;
			fileType = wrapper.framework;
			path = RxSugar.framework;
			remoteRef = BB29FF35211E69B700695CDF /* PBXContainerItemProxy */;
			sourceTree = BUILT_PRODUCTS_DIR;
		};
/* End PBXReferenceProxy section */

/* Begin PBXResourcesBuildPhase section */
		BB29FEAC211E655500695CDF /* Resources */ = {
			isa = PBXResourcesBuildPhase;
			buildActionMask = 2147483647;
			files = (
				BB29FEBC211E655600695CDF /* LaunchScreen.storyboard in Resources */,
				BB29FEB9211E655600695CDF /* Assets.xcassets in Resources */,
			);
			runOnlyForDeploymentPostprocessing = 0;
		};
		BB29FEC0211E655600695CDF /* Resources */ = {
			isa = PBXResourcesBuildPhase;
			buildActionMask = 2147483647;
			files = (
			);
			runOnlyForDeploymentPostprocessing = 0;
		};
		BB29FECB211E655600695CDF /* Resources */ = {
			isa = PBXResourcesBuildPhase;
			buildActionMask = 2147483647;
			files = (
			);
			runOnlyForDeploymentPostprocessing = 0;
		};
/* End PBXResourcesBuildPhase section */

/* Begin PBXSourcesBuildPhase section */
		BB29FEAA211E655500695CDF /* Sources */ = {
			isa = PBXSourcesBuildPhase;
			buildActionMask = 2147483647;
			files = (
				BB29FF432121217800695CDF /* SimpleCoreRxViewController.swift in Sources */,
				BB29FEB4211E655500695CDF /* SelectionViewController.swift in Sources */,
				BB87EDE8212C6A4E002862C8 /* SimpleRxSugarModel.swift in Sources */,
				BB29FF47212121F600695CDF /* SimpleCoreRxView.swift in Sources */,
				BB87EDE3212C6796002862C8 /* SimpleRxSugarView.swift in Sources */,
				BB87EDE6212C680C002862C8 /* StyleFactory.swift in Sources */,
				BB29FF5421212DCE00695CDF /* SelectionOptions.swift in Sources */,
				BB29FEB2211E655500695CDF /* AppDelegate.swift in Sources */,
				BB87EDC7212C674D002862C8 /* SimpleRxSugarViewController.swift in Sources */,
				BB29FF492121220D00695CDF /* SimpleCoreRxModel.swift in Sources */,
				BB29FF512121290400695CDF /* SelectionView.swift in Sources */,
				BB87EDEA212C7A2A002862C8 /* SimpleRxSugarPresenter.swift in Sources */,
				BB29FF452121219C00695CDF /* SimpleCoreRxPresenter.swift in Sources */,
			);
			runOnlyForDeploymentPostprocessing = 0;
		};
		BB29FEBE211E655600695CDF /* Sources */ = {
			isa = PBXSourcesBuildPhase;
			buildActionMask = 2147483647;
			files = (
				BB87EDEC212C95E6002862C8 /* SimpleCoreRxModelTests.swift in Sources */,
				BBB6F8DC212CACBA002C7A22 /* SimpleRxSugarModelTests.swift in Sources */,
				BB29FEC7211E655600695CDF /* RxExampleTests.swift in Sources */,
			);
			runOnlyForDeploymentPostprocessing = 0;
		};
		BB29FEC9211E655600695CDF /* Sources */ = {
			isa = PBXSourcesBuildPhase;
			buildActionMask = 2147483647;
			files = (
				BB29FED2211E655600695CDF /* RxExampleUITests.swift in Sources */,
			);
			runOnlyForDeploymentPostprocessing = 0;
		};
/* End PBXSourcesBuildPhase section */

/* Begin PBXTargetDependency section */
		BB29FEC4211E655600695CDF /* PBXTargetDependency */ = {
			isa = PBXTargetDependency;
			target = BB29FEAD211E655500695CDF /* RxExample */;
			targetProxy = BB29FEC3211E655600695CDF /* PBXContainerItemProxy */;
		};
		BB29FECF211E655600695CDF /* PBXTargetDependency */ = {
			isa = PBXTargetDependency;
			target = BB29FEAD211E655500695CDF /* RxExample */;
			targetProxy = BB29FECE211E655600695CDF /* PBXContainerItemProxy */;
		};
		BB29FF3A211E69C900695CDF /* PBXTargetDependency */ = {
			isa = PBXTargetDependency;
			name = "RxSwift-iOS";
			targetProxy = BB29FF39211E69C900695CDF /* PBXContainerItemProxy */;
		};
		BB29FF3F211E69E300695CDF /* PBXTargetDependency */ = {
			isa = PBXTargetDependency;
			name = "RxSugar-iOS";
			targetProxy = BB29FF3E211E69E300695CDF /* PBXContainerItemProxy */;
		};
/* End PBXTargetDependency section */

/* Begin PBXVariantGroup section */
		BB29FEBA211E655600695CDF /* LaunchScreen.storyboard */ = {
			isa = PBXVariantGroup;
			children = (
				BB29FEBB211E655600695CDF /* Base */,
			);
			name = LaunchScreen.storyboard;
			sourceTree = "<group>";
		};
/* End PBXVariantGroup section */

/* Begin XCBuildConfiguration section */
		BB29FED4211E655600695CDF /* Debug */ = {
			isa = XCBuildConfiguration;
			buildSettings = {
				ALWAYS_SEARCH_USER_PATHS = NO;
				CLANG_ANALYZER_NONNULL = YES;
				CLANG_ANALYZER_NUMBER_OBJECT_CONVERSION = YES_AGGRESSIVE;
				CLANG_CXX_LANGUAGE_STANDARD = "gnu++14";
				CLANG_CXX_LIBRARY = "libc++";
				CLANG_ENABLE_MODULES = YES;
				CLANG_ENABLE_OBJC_ARC = YES;
				CLANG_ENABLE_OBJC_WEAK = YES;
				CLANG_WARN_BLOCK_CAPTURE_AUTORELEASING = YES;
				CLANG_WARN_BOOL_CONVERSION = YES;
				CLANG_WARN_COMMA = YES;
				CLANG_WARN_CONSTANT_CONVERSION = YES;
				CLANG_WARN_DEPRECATED_OBJC_IMPLEMENTATIONS = YES;
				CLANG_WARN_DIRECT_OBJC_ISA_USAGE = YES_ERROR;
				CLANG_WARN_DOCUMENTATION_COMMENTS = YES;
				CLANG_WARN_EMPTY_BODY = YES;
				CLANG_WARN_ENUM_CONVERSION = YES;
				CLANG_WARN_INFINITE_RECURSION = YES;
				CLANG_WARN_INT_CONVERSION = YES;
				CLANG_WARN_NON_LITERAL_NULL_CONVERSION = YES;
				CLANG_WARN_OBJC_IMPLICIT_RETAIN_SELF = YES;
				CLANG_WARN_OBJC_LITERAL_CONVERSION = YES;
				CLANG_WARN_OBJC_ROOT_CLASS = YES_ERROR;
				CLANG_WARN_RANGE_LOOP_ANALYSIS = YES;
				CLANG_WARN_STRICT_PROTOTYPES = YES;
				CLANG_WARN_SUSPICIOUS_MOVE = YES;
				CLANG_WARN_UNGUARDED_AVAILABILITY = YES_AGGRESSIVE;
				CLANG_WARN_UNREACHABLE_CODE = YES;
				CLANG_WARN__DUPLICATE_METHOD_MATCH = YES;
				CODE_SIGN_IDENTITY = "iPhone Developer";
				COPY_PHASE_STRIP = NO;
				DEBUG_INFORMATION_FORMAT = dwarf;
				ENABLE_STRICT_OBJC_MSGSEND = YES;
				ENABLE_TESTABILITY = YES;
				GCC_C_LANGUAGE_STANDARD = gnu11;
				GCC_DYNAMIC_NO_PIC = NO;
				GCC_NO_COMMON_BLOCKS = YES;
				GCC_OPTIMIZATION_LEVEL = 0;
				GCC_PREPROCESSOR_DEFINITIONS = (
					"DEBUG=1",
					"$(inherited)",
				);
				GCC_WARN_64_TO_32_BIT_CONVERSION = YES;
				GCC_WARN_ABOUT_RETURN_TYPE = YES_ERROR;
				GCC_WARN_UNDECLARED_SELECTOR = YES;
				GCC_WARN_UNINITIALIZED_AUTOS = YES_AGGRESSIVE;
				GCC_WARN_UNUSED_FUNCTION = YES;
				GCC_WARN_UNUSED_VARIABLE = YES;
				IPHONEOS_DEPLOYMENT_TARGET = 11.4;
				MTL_ENABLE_DEBUG_INFO = YES;
				ONLY_ACTIVE_ARCH = YES;
				SDKROOT = iphoneos;
				SWIFT_ACTIVE_COMPILATION_CONDITIONS = DEBUG;
				SWIFT_OPTIMIZATION_LEVEL = "-Onone";
			};
			name = Debug;
		};
		BB29FED5211E655600695CDF /* Release */ = {
			isa = XCBuildConfiguration;
			buildSettings = {
				ALWAYS_SEARCH_USER_PATHS = NO;
				CLANG_ANALYZER_NONNULL = YES;
				CLANG_ANALYZER_NUMBER_OBJECT_CONVERSION = YES_AGGRESSIVE;
				CLANG_CXX_LANGUAGE_STANDARD = "gnu++14";
				CLANG_CXX_LIBRARY = "libc++";
				CLANG_ENABLE_MODULES = YES;
				CLANG_ENABLE_OBJC_ARC = YES;
				CLANG_ENABLE_OBJC_WEAK = YES;
				CLANG_WARN_BLOCK_CAPTURE_AUTORELEASING = YES;
				CLANG_WARN_BOOL_CONVERSION = YES;
				CLANG_WARN_COMMA = YES;
				CLANG_WARN_CONSTANT_CONVERSION = YES;
				CLANG_WARN_DEPRECATED_OBJC_IMPLEMENTATIONS = YES;
				CLANG_WARN_DIRECT_OBJC_ISA_USAGE = YES_ERROR;
				CLANG_WARN_DOCUMENTATION_COMMENTS = YES;
				CLANG_WARN_EMPTY_BODY = YES;
				CLANG_WARN_ENUM_CONVERSION = YES;
				CLANG_WARN_INFINITE_RECURSION = YES;
				CLANG_WARN_INT_CONVERSION = YES;
				CLANG_WARN_NON_LITERAL_NULL_CONVERSION = YES;
				CLANG_WARN_OBJC_IMPLICIT_RETAIN_SELF = YES;
				CLANG_WARN_OBJC_LITERAL_CONVERSION = YES;
				CLANG_WARN_OBJC_ROOT_CLASS = YES_ERROR;
				CLANG_WARN_RANGE_LOOP_ANALYSIS = YES;
				CLANG_WARN_STRICT_PROTOTYPES = YES;
				CLANG_WARN_SUSPICIOUS_MOVE = YES;
				CLANG_WARN_UNGUARDED_AVAILABILITY = YES_AGGRESSIVE;
				CLANG_WARN_UNREACHABLE_CODE = YES;
				CLANG_WARN__DUPLICATE_METHOD_MATCH = YES;
				CODE_SIGN_IDENTITY = "iPhone Developer";
				COPY_PHASE_STRIP = NO;
				DEBUG_INFORMATION_FORMAT = "dwarf-with-dsym";
				ENABLE_NS_ASSERTIONS = NO;
				ENABLE_STRICT_OBJC_MSGSEND = YES;
				GCC_C_LANGUAGE_STANDARD = gnu11;
				GCC_NO_COMMON_BLOCKS = YES;
				GCC_WARN_64_TO_32_BIT_CONVERSION = YES;
				GCC_WARN_ABOUT_RETURN_TYPE = YES_ERROR;
				GCC_WARN_UNDECLARED_SELECTOR = YES;
				GCC_WARN_UNINITIALIZED_AUTOS = YES_AGGRESSIVE;
				GCC_WARN_UNUSED_FUNCTION = YES;
				GCC_WARN_UNUSED_VARIABLE = YES;
				IPHONEOS_DEPLOYMENT_TARGET = 11.4;
				MTL_ENABLE_DEBUG_INFO = NO;
				SDKROOT = iphoneos;
				SWIFT_COMPILATION_MODE = wholemodule;
				SWIFT_OPTIMIZATION_LEVEL = "-O";
				VALIDATE_PRODUCT = YES;
			};
			name = Release;
		};
		BB29FED7211E655600695CDF /* Debug */ = {
			isa = XCBuildConfiguration;
			buildSettings = {
				ALWAYS_EMBED_SWIFT_STANDARD_LIBRARIES = YES;
				ASSETCATALOG_COMPILER_APPICON_NAME = AppIcon;
				CODE_SIGN_STYLE = Automatic;
				INFOPLIST_FILE = RxExample/Info.plist;
				LD_RUNPATH_SEARCH_PATHS = (
					"$(inherited)",
					"@executable_path/Frameworks",
				);
				PRODUCT_BUNDLE_IDENTIFIER = com.asynchrony.stephens.jason.RxExample;
				PRODUCT_NAME = "$(TARGET_NAME)";
				SWIFT_VERSION = 4.0;
				TARGETED_DEVICE_FAMILY = "1,2";
			};
			name = Debug;
		};
		BB29FED8211E655600695CDF /* Release */ = {
			isa = XCBuildConfiguration;
			buildSettings = {
				ALWAYS_EMBED_SWIFT_STANDARD_LIBRARIES = YES;
				ASSETCATALOG_COMPILER_APPICON_NAME = AppIcon;
				CODE_SIGN_STYLE = Automatic;
				INFOPLIST_FILE = RxExample/Info.plist;
				LD_RUNPATH_SEARCH_PATHS = (
					"$(inherited)",
					"@executable_path/Frameworks",
				);
				PRODUCT_BUNDLE_IDENTIFIER = com.asynchrony.stephens.jason.RxExample;
				PRODUCT_NAME = "$(TARGET_NAME)";
				SWIFT_VERSION = 4.0;
				TARGETED_DEVICE_FAMILY = "1,2";
			};
			name = Release;
		};
		BB29FEDA211E655600695CDF /* Debug */ = {
			isa = XCBuildConfiguration;
			buildSettings = {
				ALWAYS_EMBED_SWIFT_STANDARD_LIBRARIES = YES;
				BUNDLE_LOADER = "$(TEST_HOST)";
				CODE_SIGN_STYLE = Automatic;
				INFOPLIST_FILE = RxExampleTests/Info.plist;
				LD_RUNPATH_SEARCH_PATHS = (
					"$(inherited)",
					"@executable_path/Frameworks",
					"@loader_path/Frameworks",
				);
				PRODUCT_BUNDLE_IDENTIFIER = com.asynchrony.stephens.jason.RxExampleTests;
				PRODUCT_NAME = "$(TARGET_NAME)";
				SWIFT_VERSION = 4.0;
				TARGETED_DEVICE_FAMILY = "1,2";
				TEST_HOST = "$(BUILT_PRODUCTS_DIR)/RxExample.app/RxExample";
			};
			name = Debug;
		};
		BB29FEDB211E655600695CDF /* Release */ = {
			isa = XCBuildConfiguration;
			buildSettings = {
				ALWAYS_EMBED_SWIFT_STANDARD_LIBRARIES = YES;
				BUNDLE_LOADER = "$(TEST_HOST)";
				CODE_SIGN_STYLE = Automatic;
				INFOPLIST_FILE = RxExampleTests/Info.plist;
				LD_RUNPATH_SEARCH_PATHS = (
					"$(inherited)",
					"@executable_path/Frameworks",
					"@loader_path/Frameworks",
				);
				PRODUCT_BUNDLE_IDENTIFIER = com.asynchrony.stephens.jason.RxExampleTests;
				PRODUCT_NAME = "$(TARGET_NAME)";
				SWIFT_VERSION = 4.0;
				TARGETED_DEVICE_FAMILY = "1,2";
				TEST_HOST = "$(BUILT_PRODUCTS_DIR)/RxExample.app/RxExample";
			};
			name = Release;
		};
		BB29FEDD211E655600695CDF /* Debug */ = {
			isa = XCBuildConfiguration;
			buildSettings = {
				ALWAYS_EMBED_SWIFT_STANDARD_LIBRARIES = YES;
				CODE_SIGN_STYLE = Automatic;
				INFOPLIST_FILE = RxExampleUITests/Info.plist;
				LD_RUNPATH_SEARCH_PATHS = (
					"$(inherited)",
					"@executable_path/Frameworks",
					"@loader_path/Frameworks",
				);
				PRODUCT_BUNDLE_IDENTIFIER = com.asynchrony.stephens.jason.RxExampleUITests;
				PRODUCT_NAME = "$(TARGET_NAME)";
				SWIFT_VERSION = 4.0;
				TARGETED_DEVICE_FAMILY = "1,2";
				TEST_TARGET_NAME = RxExample;
			};
			name = Debug;
		};
		BB29FEDE211E655600695CDF /* Release */ = {
			isa = XCBuildConfiguration;
			buildSettings = {
				ALWAYS_EMBED_SWIFT_STANDARD_LIBRARIES = YES;
				CODE_SIGN_STYLE = Automatic;
				INFOPLIST_FILE = RxExampleUITests/Info.plist;
				LD_RUNPATH_SEARCH_PATHS = (
					"$(inherited)",
					"@executable_path/Frameworks",
					"@loader_path/Frameworks",
				);
				PRODUCT_BUNDLE_IDENTIFIER = com.asynchrony.stephens.jason.RxExampleUITests;
				PRODUCT_NAME = "$(TARGET_NAME)";
				SWIFT_VERSION = 4.0;
				TARGETED_DEVICE_FAMILY = "1,2";
				TEST_TARGET_NAME = RxExample;
			};
			name = Release;
		};
/* End XCBuildConfiguration section */

/* Begin XCConfigurationList section */
		BB29FEA9211E655500695CDF /* Build configuration list for PBXProject "RxExample" */ = {
			isa = XCConfigurationList;
			buildConfigurations = (
				BB29FED4211E655600695CDF /* Debug */,
				BB29FED5211E655600695CDF /* Release */,
			);
			defaultConfigurationIsVisible = 0;
			defaultConfigurationName = Release;
		};
		BB29FED6211E655600695CDF /* Build configuration list for PBXNativeTarget "RxExample" */ = {
			isa = XCConfigurationList;
			buildConfigurations = (
				BB29FED7211E655600695CDF /* Debug */,
				BB29FED8211E655600695CDF /* Release */,
			);
			defaultConfigurationIsVisible = 0;
			defaultConfigurationName = Release;
		};
		BB29FED9211E655600695CDF /* Build configuration list for PBXNativeTarget "RxExampleTests" */ = {
			isa = XCConfigurationList;
			buildConfigurations = (
				BB29FEDA211E655600695CDF /* Debug */,
				BB29FEDB211E655600695CDF /* Release */,
			);
			defaultConfigurationIsVisible = 0;
			defaultConfigurationName = Release;
		};
		BB29FEDC211E655600695CDF /* Build configuration list for PBXNativeTarget "RxExampleUITests" */ = {
			isa = XCConfigurationList;
			buildConfigurations = (
				BB29FEDD211E655600695CDF /* Debug */,
				BB29FEDE211E655600695CDF /* Release */,
			);
			defaultConfigurationIsVisible = 0;
			defaultConfigurationName = Release;
		};
/* End XCConfigurationList section */
	};
	rootObject = BB29FEA6211E655500695CDF /* Project object */;
}
